
Microsoft Visual Studio Solution File, Format Version 12.00
# Visual Studio 14
VisualStudioVersion = 14.0.25420.1
MinimumVisualStudioVersion = 10.0.40219.1
Project("{FAE04EC0-301F-11D3-BF4B-00C04F79EFBC}") = "Lesson1", "Lesson1\Lesson1.csproj", "{4A68DBA7-2851-4558-84F2-FE2C36A02791}"
EndProject
Project("{FAE04EC0-301F-11D3-BF4B-00C04F79EFBC}") = "Lesson2_01", "Lesson2_01\Lesson2_01.csproj", "{8C9AED3A-BB2C-4674-9199-D473B6928CED}"
EndProject
Project("{FAE04EC0-301F-11D3-BF4B-00C04F79EFBC}") = "Lesson2_02", "Lesson2_02\Lesson2_02.csproj", "{4F703A06-CAB2-4750-8808-767F1AAB82D7}"
EndProject
Project("{FAE04EC0-301F-11D3-BF4B-00C04F79EFBC}") = "Lesson3", "Lesson3\Lesson3.csproj", "{A0CB10D8-63CC-4756-9046-B92BDD27FE2C}"
EndProject
Project("{FAE04EC0-301F-11D3-BF4B-00C04F79EFBC}") = "Lesson3_02", "Lesson3_02\Lesson3_02.csproj", "{B87C885E-AFC5-49CC-89BD-2D07FF7C3F7E}"
EndProject
Project("{FAE04EC0-301F-11D3-BF4B-00C04F79EFBC}") = "Lesson4", "Lesson4\Lesson4.csproj", "{709086C8-9236-4645-ACD8-7BFFB41C0824}"
EndProject
Project("{FAE04EC0-301F-11D3-BF4B-00C04F79EFBC}") = "Lesson4_02", "Lesson4_02\Lesson4_02.csproj", "{F8799E7E-ABFC-4D16-8D07-EA02A15ABC54}"
EndProject
Project("{FAE04EC0-301F-11D3-BF4B-00C04F79EFBC}") = "Lesson5", "Lesson5\Lesson5.csproj", "{71EC3D61-8878-4285-BEB6-B0DFEA73DBCC}"
EndProject
Project("{FAE04EC0-301F-11D3-BF4B-00C04F79EFBC}") = "Lesson5_2", "Lesson5_2\Lesson5_2.csproj", "{520CFA91-7BD3-4B07-9B94-A7C681ADC8CC}"
EndProject
Project("{FAE04EC0-301F-11D3-BF4B-00C04F79EFBC}") = "Lesson6", "Lesson6\Lesson6.csproj", "{4C8895EA-59D0-4B31-8FAC-C0AF3AC983AC}"
EndProject
Project("{FAE04EC0-301F-11D3-BF4B-00C04F79EFBC}") = "Lesson6_2", "Lesson6_2\Lesson6_2.csproj", "{EDCBBFA9-7382-4E25-97B8-BBA567B6A63B}"
EndProject
Project("{FAE04EC0-301F-11D3-BF4B-00C04F79EFBC}") = "Lesson7", "Lesson7\Lesson7.csproj", "{F292A319-7A99-4456-BAA0-E35FB9D54B05}"
EndProject
Project("{FAE04EC0-301F-11D3-BF4B-00C04F79EFBC}") = "Lesson8", "Lesson8\Lesson8.csproj", "{B96D6382-EBED-48EF-81D1-5A34D2A4B0AC}"
EndProject
Project("{FAE04EC0-301F-11D3-BF4B-00C04F79EFBC}") = "002_SimpleAjaxApplication", "002_SimpleAjaxApplication\002_SimpleAjaxApplication.csproj", "{C1F5C7C8-F1E8-4A05-94B7-2F81FA33D90C}"
EndProject
Project("{FAE04EC0-301F-11D3-BF4B-00C04F79EFBC}") = "Lesson9", "Lesson9\Lesson9.csproj", "{012B8AD4-088D-411C-8B38-533135940FA7}"
EndProject
Global
	GlobalSection(SolutionConfigurationPlatforms) = preSolution
		Debug|Any CPU = Debug|Any CPU
		Release|Any CPU = Release|Any CPU
	EndGlobalSection
	GlobalSection(ProjectConfigurationPlatforms) = postSolution
		{4A68DBA7-2851-4558-84F2-FE2C36A02791}.Debug|Any CPU.ActiveCfg = Debug|Any CPU
		{4A68DBA7-2851-4558-84F2-FE2C36A02791}.Debug|Any CPU.Build.0 = Debug|Any CPU
		{4A68DBA7-2851-4558-84F2-FE2C36A02791}.Release|Any CPU.ActiveCfg = Release|Any CPU
		{4A68DBA7-2851-4558-84F2-FE2C36A02791}.Release|Any CPU.Build.0 = Release|Any CPU
		{8C9AED3A-BB2C-4674-9199-D473B6928CED}.Debug|Any CPU.ActiveCfg = Debug|Any CPU
		{8C9AED3A-BB2C-4674-9199-D473B6928CED}.Debug|Any CPU.Build.0 = Debug|Any CPU
		{8C9AED3A-BB2C-4674-9199-D473B6928CED}.Release|Any CPU.ActiveCfg = Release|Any CPU
		{8C9AED3A-BB2C-4674-9199-D473B6928CED}.Release|Any CPU.Build.0 = Release|Any CPU
		{4F703A06-CAB2-4750-8808-767F1AAB82D7}.Debug|Any CPU.ActiveCfg = Debug|Any CPU
		{4F703A06-CAB2-4750-8808-767F1AAB82D7}.Debug|Any CPU.Build.0 = Debug|Any CPU
		{4F703A06-CAB2-4750-8808-767F1AAB82D7}.Release|Any CPU.ActiveCfg = Release|Any CPU
		{4F703A06-CAB2-4750-8808-767F1AAB82D7}.Release|Any CPU.Build.0 = Release|Any CPU
		{A0CB10D8-63CC-4756-9046-B92BDD27FE2C}.Debug|Any CPU.ActiveCfg = Debug|Any CPU
		{A0CB10D8-63CC-4756-9046-B92BDD27FE2C}.Debug|Any CPU.Build.0 = Debug|Any CPU
		{A0CB10D8-63CC-4756-9046-B92BDD27FE2C}.Release|Any CPU.ActiveCfg = Release|Any CPU
		{A0CB10D8-63CC-4756-9046-B92BDD27FE2C}.Release|Any CPU.Build.0 = Release|Any CPU
		{B87C885E-AFC5-49CC-89BD-2D07FF7C3F7E}.Debug|Any CPU.ActiveCfg = Debug|Any CPU
		{B87C885E-AFC5-49CC-89BD-2D07FF7C3F7E}.Debug|Any CPU.Build.0 = Debug|Any CPU
		{B87C885E-AFC5-49CC-89BD-2D07FF7C3F7E}.Release|Any CPU.ActiveCfg = Release|Any CPU
		{B87C885E-AFC5-49CC-89BD-2D07FF7C3F7E}.Release|Any CPU.Build.0 = Release|Any CPU
		{709086C8-9236-4645-ACD8-7BFFB41C0824}.Debug|Any CPU.ActiveCfg = Debug|Any CPU
		{709086C8-9236-4645-ACD8-7BFFB41C0824}.Debug|Any CPU.Build.0 = Debug|Any CPU
		{709086C8-9236-4645-ACD8-7BFFB41C0824}.Release|Any CPU.ActiveCfg = Release|Any CPU
		{709086C8-9236-4645-ACD8-7BFFB41C0824}.Release|Any CPU.Build.0 = Release|Any CPU
		{F8799E7E-ABFC-4D16-8D07-EA02A15ABC54}.Debug|Any CPU.ActiveCfg = Debug|Any CPU
		{F8799E7E-ABFC-4D16-8D07-EA02A15ABC54}.Debug|Any CPU.Build.0 = Debug|Any CPU
		{F8799E7E-ABFC-4D16-8D07-EA02A15ABC54}.Release|Any CPU.ActiveCfg = Release|Any CPU
		{F8799E7E-ABFC-4D16-8D07-EA02A15ABC54}.Release|Any CPU.Build.0 = Release|Any CPU
		{71EC3D61-8878-4285-BEB6-B0DFEA73DBCC}.Debug|Any CPU.ActiveCfg = Debug|Any CPU
		{71EC3D61-8878-4285-BEB6-B0DFEA73DBCC}.Debug|Any CPU.Build.0 = Debug|Any CPU
		{71EC3D61-8878-4285-BEB6-B0DFEA73DBCC}.Release|Any CPU.ActiveCfg = Release|Any CPU
		{71EC3D61-8878-4285-BEB6-B0DFEA73DBCC}.Release|Any CPU.Build.0 = Release|Any CPU
		{520CFA91-7BD3-4B07-9B94-A7C681ADC8CC}.Debug|Any CPU.ActiveCfg = Debug|Any CPU
		{520CFA91-7BD3-4B07-9B94-A7C681ADC8CC}.Debug|Any CPU.Build.0 = Debug|Any CPU
		{520CFA91-7BD3-4B07-9B94-A7C681ADC8CC}.Release|Any CPU.ActiveCfg = Release|Any CPU
		{520CFA91-7BD3-4B07-9B94-A7C681ADC8CC}.Release|Any CPU.Build.0 = Release|Any CPU
		{4C8895EA-59D0-4B31-8FAC-C0AF3AC983AC}.Debug|Any CPU.ActiveCfg = Debug|Any CPU
		{4C8895EA-59D0-4B31-8FAC-C0AF3AC983AC}.Debug|Any CPU.Build.0 = Debug|Any CPU
		{4C8895EA-59D0-4B31-8FAC-C0AF3AC983AC}.Release|Any CPU.ActiveCfg = Release|Any CPU
		{4C8895EA-59D0-4B31-8FAC-C0AF3AC983AC}.Release|Any CPU.Build.0 = Release|Any CPU
		{EDCBBFA9-7382-4E25-97B8-BBA567B6A63B}.Debug|Any CPU.ActiveCfg = Debug|Any CPU
		{EDCBBFA9-7382-4E25-97B8-BBA567B6A63B}.Debug|Any CPU.Build.0 = Debug|Any CPU
		{EDCBBFA9-7382-4E25-97B8-BBA567B6A63B}.Release|Any CPU.ActiveCfg = Release|Any CPU
		{EDCBBFA9-7382-4E25-97B8-BBA567B6A63B}.Release|Any CPU.Build.0 = Release|Any CPU
		{F292A319-7A99-4456-BAA0-E35FB9D54B05}.Debug|Any CPU.ActiveCfg = Debug|Any CPU
		{F292A319-7A99-4456-BAA0-E35FB9D54B05}.Debug|Any CPU.Build.0 = Debug|Any CPU
		{F292A319-7A99-4456-BAA0-E35FB9D54B05}.Release|Any CPU.ActiveCfg = Release|Any CPU
		{F292A319-7A99-4456-BAA0-E35FB9D54B05}.Release|Any CPU.Build.0 = Release|Any CPU
		{B96D6382-EBED-48EF-81D1-5A34D2A4B0AC}.Debug|Any CPU.ActiveCfg = Debug|Any CPU
		{B96D6382-EBED-48EF-81D1-5A34D2A4B0AC}.Debug|Any CPU.Build.0 = Debug|Any CPU
		{B96D6382-EBED-48EF-81D1-5A34D2A4B0AC}.Release|Any CPU.ActiveCfg = Release|Any CPU
		{B96D6382-EBED-48EF-81D1-5A34D2A4B0AC}.Release|Any CPU.Build.0 = Release|Any CPU
		{C1F5C7C8-F1E8-4A05-94B7-2F81FA33D90C}.Debug|Any CPU.ActiveCfg = Debug|Any CPU
		{C1F5C7C8-F1E8-4A05-94B7-2F81FA33D90C}.Debug|Any CPU.Build.0 = Debug|Any CPU
		{C1F5C7C8-F1E8-4A05-94B7-2F81FA33D90C}.Release|Any CPU.ActiveCfg = Release|Any CPU
		{C1F5C7C8-F1E8-4A05-94B7-2F81FA33D90C}.Release|Any CPU.Build.0 = Release|Any CPU
		{012B8AD4-088D-411C-8B38-533135940FA7}.Debug|Any CPU.ActiveCfg = Debug|Any CPU
		{012B8AD4-088D-411C-8B38-533135940FA7}.Debug|Any CPU.Build.0 = Debug|Any CPU
		{012B8AD4-088D-411C-8B38-533135940FA7}.Release|Any CPU.ActiveCfg = Release|Any CPU
		{012B8AD4-088D-411C-8B38-533135940FA7}.Release|Any CPU.Build.0 = Release|Any CPU
	EndGlobalSection
	GlobalSection(SolutionProperties) = preSolution
		HideSolutionNode = FALSE
	EndGlobalSection
EndGlobal
